// !$*UTF8*$!
{
	archiveVersion = 1;
	classes = {
	};
	objectVersion = 77;
	objects = {

/* Begin PBXContainerItemProxy section */
		6C9EFC2F2D6CDF610062D635 /* PBXContainerItemProxy */ = {
			isa = PBXContainerItemProxy;
			containerPortal = 6C9EFC142D6CDF600062D635 /* Project object */;
			proxyType = 1;
			remoteGlobalIDString = 6C9EFC1B2D6CDF600062D635;
			remoteInfo = Technical_Test_Mobile_Developer_Seek;
		};
/* End PBXContainerItemProxy section */

/* Begin PBXFileReference section */
		6C9EFC1C2D6CDF600062D635 /* Technical_Test_Mobile_Developer_Seek.app */ = {isa = PBXFileReference; explicitFileType = wrapper.application; includeInIndex = 0; path = Technical_Test_Mobile_Developer_Seek.app; sourceTree = BUILT_PRODUCTS_DIR; };
		6C9EFC2E2D6CDF610062D635 /* Technical_Test_Mobile_Developer_SeekTests.xctest */ = {isa = PBXFileReference; explicitFileType = wrapper.cfbundle; includeInIndex = 0; path = Technical_Test_Mobile_Developer_SeekTests.xctest; sourceTree = BUILT_PRODUCTS_DIR; };
/* End PBXFileReference section */

/* Begin PBXFileSystemSynchronizedRootGroup section */
		6C9EFC1E2D6CDF600062D635 /* Technical_Test_Mobile_Developer_Seek */ = {
			isa = PBXFileSystemSynchronizedRootGroup;
			path = Technical_Test_Mobile_Developer_Seek;
			sourceTree = "<group>";
		};
		6C9EFC312D6CDF610062D635 /* Technical_Test_Mobile_Developer_SeekTests */ = {
			isa = PBXFileSystemSynchronizedRootGroup;
			path = Technical_Test_Mobile_Developer_SeekTests;
			sourceTree = "<group>";
		};
/* End PBXFileSystemSynchronizedRootGroup section */

/* Begin PBXFrameworksBuildPhase section */
		6C9EFC192D6CDF600062D635 /* Frameworks */ = {
			isa = PBXFrameworksBuildPhase;
			buildActionMask = 2147483647;
			files = (
			);
			runOnlyForDeploymentPostprocessing = 0;
		};
		6C9EFC2B2D6CDF610062D635 /* Frameworks */ = {
			isa = PBXFrameworksBuildPhase;
			buildActionMask = 2147483647;
			files = (
			);
			runOnlyForDeploymentPostprocessing = 0;
		};
/* End PBXFrameworksBuildPhase section */

/* Begin PBXGroup section */
		6C9EFC132D6CDF600062D635 = {
			isa = PBXGroup;
			children = (
				6C9EFC1E2D6CDF600062D635 /* Technical_Test_Mobile_Developer_Seek */,
				6C9EFC312D6CDF610062D635 /* Technical_Test_Mobile_Developer_SeekTests */,
				6C9EFC1D2D6CDF600062D635 /* Products */,
			);
			sourceTree = "<group>";
		};
		6C9EFC1D2D6CDF600062D635 /* Products */ = {
			isa = PBXGroup;
			children = (
				6C9EFC1C2D6CDF600062D635 /* Technical_Test_Mobile_Developer_Seek.app */,
				6C9EFC2E2D6CDF610062D635 /* Technical_Test_Mobile_Developer_SeekTests.xctest */,
			);
			name = Products;
			sourceTree = "<group>";
		};
/* End PBXGroup section */

/* Begin PBXNativeTarget section */
		6C9EFC1B2D6CDF600062D635 /* Technical_Test_Mobile_Developer_Seek */ = {
			isa = PBXNativeTarget;
			buildConfigurationList = 6C9EFC422D6CDF610062D635 /* Build configuration list for PBXNativeTarget "Technical_Test_Mobile_Developer_Seek" */;
			buildPhases = (
				6C9EFC182D6CDF600062D635 /* Sources */,
				6C9EFC192D6CDF600062D635 /* Frameworks */,
				6C9EFC1A2D6CDF600062D635 /* Resources */,
			);
			buildRules = (
			);
			dependencies = (
			);
			fileSystemSynchronizedGroups = (
				6C9EFC1E2D6CDF600062D635 /* Technical_Test_Mobile_Developer_Seek */,
			);
			name = Technical_Test_Mobile_Developer_Seek;
			packageProductDependencies = (
			);
			productName = Technical_Test_Mobile_Developer_Seek;
			productReference = 6C9EFC1C2D6CDF600062D635 /* Technical_Test_Mobile_Developer_Seek.app */;
			productType = "com.apple.product-type.application";
		};
		6C9EFC2D2D6CDF610062D635 /* Technical_Test_Mobile_Developer_SeekTests */ = {
			isa = PBXNativeTarget;
			buildConfigurationList = 6C9EFC452D6CDF610062D635 /* Build configuration list for PBXNativeTarget "Technical_Test_Mobile_Developer_SeekTests" */;
			buildPhases = (
				6C9EFC2A2D6CDF610062D635 /* Sources */,
				6C9EFC2B2D6CDF610062D635 /* Frameworks */,
				6C9EFC2C2D6CDF610062D635 /* Resources */,
			);
			buildRules = (
			);
			dependencies = (
				6C9EFC302D6CDF610062D635 /* PBXTargetDependency */,
			);
			fileSystemSynchronizedGroups = (
				6C9EFC312D6CDF610062D635 /* Technical_Test_Mobile_Developer_SeekTests */,
			);
			name = Technical_Test_Mobile_Developer_SeekTests;
			packageProductDependencies = (
			);
			productName = Technical_Test_Mobile_Developer_SeekTests;
			productReference = 6C9EFC2E2D6CDF610062D635 /* Technical_Test_Mobile_Developer_SeekTests.xctest */;
			productType = "com.apple.product-type.bundle.unit-test";
		};
/* End PBXNativeTarget section */

/* Begin PBXProject section */
		6C9EFC142D6CDF600062D635 /* Project object */ = {
			isa = PBXProject;
			attributes = {
				BuildIndependentTargetsInParallel = 1;
				LastSwiftUpdateCheck = 1620;
				LastUpgradeCheck = 1620;
				TargetAttributes = {
					6C9EFC1B2D6CDF600062D635 = {
						CreatedOnToolsVersion = 16.2;
					};
					6C9EFC2D2D6CDF610062D635 = {
						CreatedOnToolsVersion = 16.2;
						LastSwiftMigration = 1620;
						TestTargetID = 6C9EFC1B2D6CDF600062D635;
					};
				};
			};
			buildConfigurationList = 6C9EFC172D6CDF600062D635 /* Build configuration list for PBXProject "Technical_Test_Mobile_Developer_Seek" */;
			developmentRegion = en;
			hasScannedForEncodings = 0;
			knownRegions = (
				en,
				Base,
			);
			mainGroup = 6C9EFC132D6CDF600062D635;
			minimizedProjectReferenceProxies = 1;
			preferredProjectObjectVersion = 77;
			productRefGroup = 6C9EFC1D2D6CDF600062D635 /* Products */;
			projectDirPath = "";
			projectRoot = "";
			targets = (
				6C9EFC1B2D6CDF600062D635 /* Technical_Test_Mobile_Developer_Seek */,
				6C9EFC2D2D6CDF610062D635 /* Technical_Test_Mobile_Developer_SeekTests */,
			);
		};
/* End PBXProject section */

/* Begin PBXResourcesBuildPhase section */
		6C9EFC1A2D6CDF600062D635 /* Resources */ = {
			isa = PBXResourcesBuildPhase;
			buildActionMask = 2147483647;
			files = (
			);
			runOnlyForDeploymentPostprocessing = 0;
		};
		6C9EFC2C2D6CDF610062D635 /* Resources */ = {
			isa = PBXResourcesBuildPhase;
			buildActionMask = 2147483647;
			files = (
			);
			runOnlyForDeploymentPostprocessing = 0;
		};
/* End PBXResourcesBuildPhase section */

/* Begin PBXSourcesBuildPhase section */
		6C9EFC182D6CDF600062D635 /* Sources */ = {
			isa = PBXSourcesBuildPhase;
			buildActionMask = 2147483647;
			files = (
			);
			runOnlyForDeploymentPostprocessing = 0;
		};
		6C9EFC2A2D6CDF610062D635 /* Sources */ = {
			isa = PBXSourcesBuildPhase;
			buildActionMask = 2147483647;
			files = (
			);
			runOnlyForDeploymentPostprocessing = 0;
		};
/* End PBXSourcesBuildPhase section */

/* Begin PBXTargetDependency section */
		6C9EFC302D6CDF610062D635 /* PBXTargetDependency */ = {
			isa = PBXTargetDependency;
			target = 6C9EFC1B2D6CDF600062D635 /* Technical_Test_Mobile_Developer_Seek */;
			targetProxy = 6C9EFC2F2D6CDF610062D635 /* PBXContainerItemProxy */;
		};
/* End PBXTargetDependency section */

/* Begin XCBuildConfiguration section */
		6C9EFC402D6CDF610062D635 /* Debug */ = {
			isa = XCBuildConfiguration;
			buildSettings = {
				ALWAYS_SEARCH_USER_PATHS = NO;
				ASSETCATALOG_COMPILER_GENERATE_SWIFT_ASSET_SYMBOL_EXTENSIONS = YES;
				CLANG_ANALYZER_NONNULL = YES;
				CLANG_ANALYZER_NUMBER_OBJECT_CONVERSION = YES_AGGRESSIVE;
				CLANG_CXX_LANGUAGE_STANDARD = "gnu++20";
				CLANG_ENABLE_MODULES = YES;
				CLANG_ENABLE_OBJC_ARC = YES;
				CLANG_ENABLE_OBJC_WEAK = YES;
				CLANG_WARN_BLOCK_CAPTURE_AUTORELEASING = YES;
				CLANG_WARN_BOOL_CONVERSION = YES;
				CLANG_WARN_COMMA = YES;
				CLANG_WARN_CONSTANT_CONVERSION = YES;
				CLANG_WARN_DEPRECATED_OBJC_IMPLEMENTATIONS = YES;
				CLANG_WARN_DIRECT_OBJC_ISA_USAGE = YES_ERROR;
				CLANG_WARN_DOCUMENTATION_COMMENTS = YES;
				CLANG_WARN_EMPTY_BODY = YES;
				CLANG_WARN_ENUM_CONVERSION = YES;
				CLANG_WARN_INFINITE_RECURSION = YES;
				CLANG_WARN_INT_CONVERSION = YES;
				CLANG_WARN_NON_LITERAL_NULL_CONVERSION = YES;
				CLANG_WARN_OBJC_IMPLICIT_RETAIN_SELF = YES;
				CLANG_WARN_OBJC_LITERAL_CONVERSION = YES;
				CLANG_WARN_OBJC_ROOT_CLASS = YES_ERROR;
				CLANG_WARN_QUOTED_INCLUDE_IN_FRAMEWORK_HEADER = YES;
				CLANG_WARN_RANGE_LOOP_ANALYSIS = YES;
				CLANG_WARN_STRICT_PROTOTYPES = YES;
				CLANG_WARN_SUSPICIOUS_MOVE = YES;
				CLANG_WARN_UNGUARDED_AVAILABILITY = YES_AGGRESSIVE;
				CLANG_WARN_UNREACHABLE_CODE = YES;
				CLANG_WARN__DUPLICATE_METHOD_MATCH = YES;
				COPY_PHASE_STRIP = NO;
				DEBUG_INFORMATION_FORMAT = dwarf;
				ENABLE_STRICT_OBJC_MSGSEND = YES;
				ENABLE_TESTABILITY = YES;
				ENABLE_USER_SCRIPT_SANDBOXING = YES;
				GCC_C_LANGUAGE_STANDARD = gnu17;
				GCC_DYNAMIC_NO_PIC = NO;
				GCC_NO_COMMON_BLOCKS = YES;
				GCC_OPTIMIZATION_LEVEL = 0;
				GCC_PREPROCESSOR_DEFINITIONS = (
					"DEBUG=1",
					"$(inherited)",
				);
				GCC_WARN_64_TO_32_BIT_CONVERSION = YES;
				GCC_WARN_ABOUT_RETURN_TYPE = YES_ERROR;
				GCC_WARN_UNDECLARED_SELECTOR = YES;
				GCC_WARN_UNINITIALIZED_AUTOS = YES_AGGRESSIVE;
				GCC_WARN_UNUSED_FUNCTION = YES;
				GCC_WARN_UNUSED_VARIABLE = YES;
				IPHONEOS_DEPLOYMENT_TARGET = 18.2;
				LOCALIZATION_PREFERS_STRING_CATALOGS = YES;
				MTL_ENABLE_DEBUG_INFO = INCLUDE_SOURCE;
				MTL_FAST_MATH = YES;
				ONLY_ACTIVE_ARCH = YES;
				SDKROOT = iphoneos;
				SWIFT_ACTIVE_COMPILATION_CONDITIONS = "DEBUG $(inherited)";
				SWIFT_OPTIMIZATION_LEVEL = "-Onone";
			};
			name = Debug;
		};
		6C9EFC412D6CDF610062D635 /* Release */ = {
			isa = XCBuildConfiguration;
			buildSettings = {
				ALWAYS_SEARCH_USER_PATHS = NO;
				ASSETCATALOG_COMPILER_GENERATE_SWIFT_ASSET_SYMBOL_EXTENSIONS = YES;
				CLANG_ANALYZER_NONNULL = YES;
				CLANG_ANALYZER_NUMBER_OBJECT_CONVERSION = YES_AGGRESSIVE;
				CLANG_CXX_LANGUAGE_STANDARD = "gnu++20";
				CLANG_ENABLE_MODULES = YES;
				CLANG_ENABLE_OBJC_ARC = YES;
				CLANG_ENABLE_OBJC_WEAK = YES;
				CLANG_WARN_BLOCK_CAPTURE_AUTORELEASING = YES;
				CLANG_WARN_BOOL_CONVERSION = YES;
				CLANG_WARN_COMMA = YES;
				CLANG_WARN_CONSTANT_CONVERSION = YES;
				CLANG_WARN_DEPRECATED_OBJC_IMPLEMENTATIONS = YES;
				CLANG_WARN_DIRECT_OBJC_ISA_USAGE = YES_ERROR;
				CLANG_WARN_DOCUMENTATION_COMMENTS = YES;
				CLANG_WARN_EMPTY_BODY = YES;
				CLANG_WARN_ENUM_CONVERSION = YES;
				CLANG_WARN_INFINITE_RECURSION = YES;
				CLANG_WARN_INT_CONVERSION = YES;
				CLANG_WARN_NON_LITERAL_NULL_CONVERSION = YES;
				CLANG_WARN_OBJC_IMPLICIT_RETAIN_SELF = YES;
				CLANG_WARN_OBJC_LITERAL_CONVERSION = YES;
				CLANG_WARN_OBJC_ROOT_CLASS = YES_ERROR;
				CLANG_WARN_QUOTED_INCLUDE_IN_FRAMEWORK_HEADER = YES;
				CLANG_WARN_RANGE_LOOP_ANALYSIS = YES;
				CLANG_WARN_STRICT_PROTOTYPES = YES;
				CLANG_WARN_SUSPICIOUS_MOVE = YES;
				CLANG_WARN_UNGUARDED_AVAILABILITY = YES_AGGRESSIVE;
				CLANG_WARN_UNREACHABLE_CODE = YES;
				CLANG_WARN__DUPLICATE_METHOD_MATCH = YES;
				COPY_PHASE_STRIP = NO;
				DEBUG_INFORMATION_FORMAT = "dwarf-with-dsym";
				ENABLE_NS_ASSERTIONS = NO;
				ENABLE_STRICT_OBJC_MSGSEND = YES;
				ENABLE_USER_SCRIPT_SANDBOXING = YES;
				GCC_C_LANGUAGE_STANDARD = gnu17;
				GCC_NO_COMMON_BLOCKS = YES;
				GCC_WARN_64_TO_32_BIT_CONVERSION = YES;
				GCC_WARN_ABOUT_RETURN_TYPE = YES_ERROR;
				GCC_WARN_UNDECLARED_SELECTOR = YES;
				GCC_WARN_UNINITIALIZED_AUTOS = YES_AGGRESSIVE;
				GCC_WARN_UNUSED_FUNCTION = YES;
				GCC_WARN_UNUSED_VARIABLE = YES;
				IPHONEOS_DEPLOYMENT_TARGET = 18.2;
				LOCALIZATION_PREFERS_STRING_CATALOGS = YES;
				MTL_ENABLE_DEBUG_INFO = NO;
				MTL_FAST_MATH = YES;
				SDKROOT = iphoneos;
				SWIFT_COMPILATION_MODE = wholemodule;
				VALIDATE_PRODUCT = YES;
			};
			name = Release;
		};
		6C9EFC432D6CDF610062D635 /* Debug */ = {
			isa = XCBuildConfiguration;
			buildSettings = {
				ASSETCATALOG_COMPILER_APPICON_NAME = AppIcon;
				ASSETCATALOG_COMPILER_GLOBAL_ACCENT_COLOR_NAME = AccentColor;
				CODE_SIGN_STYLE = Automatic;
				CURRENT_PROJECT_VERSION = 1;
				DEVELOPMENT_ASSET_PATHS = "\"Technical_Test_Mobile_Developer_Seek/Preview Content\"";
				DEVELOPMENT_TEAM = 9FBDU3DDSJ;
				ENABLE_PREVIEWS = YES;
				GENERATE_INFOPLIST_FILE = YES;
				INFOPLIST_FILE = "Technical-Test-Mobile-Developer-Seek-Info.plist";
				INFOPLIST_KEY_LSApplicationCategoryType = "";
				INFOPLIST_KEY_NSCameraUsageDescription = "Permiso para el uso de cámara";
				INFOPLIST_KEY_NSFaceIDUsageDescription = "Esta app usará Face ID";
				INFOPLIST_KEY_UIApplicationSceneManifest_Generation = YES;
				INFOPLIST_KEY_UIApplicationSupportsIndirectInputEvents = YES;
				INFOPLIST_KEY_UILaunchScreen_Generation = YES;
				INFOPLIST_KEY_UISupportedInterfaceOrientations_iPad = "UIInterfaceOrientationPortrait UIInterfaceOrientationPortraitUpsideDown UIInterfaceOrientationLandscapeLeft UIInterfaceOrientationLandscapeRight";
				INFOPLIST_KEY_UISupportedInterfaceOrientations_iPhone = "UIInterfaceOrientationPortrait UIInterfaceOrientationLandscapeLeft UIInterfaceOrientationLandscapeRight";
				LD_RUNPATH_SEARCH_PATHS = (
					"$(inherited)",
					"@executable_path/Frameworks",
				);
				MARKETING_VERSION = 1.0;
				PRODUCT_BUNDLE_IDENTIFIER = "com.nelson.pena.test.Technical-Test-Mobile-Developer-Seek";
				PRODUCT_NAME = "$(TARGET_NAME)";
				SWIFT_EMIT_LOC_STRINGS = YES;
				SWIFT_VERSION = 5.0;
				TARGETED_DEVICE_FAMILY = "1,2";
				USE_CORE_DATA = NO;
			};
			name = Debug;
		};
		6C9EFC442D6CDF610062D635 /* Release */ = {
			isa = XCBuildConfiguration;
			buildSettings = {
				ASSETCATALOG_COMPILER_APPICON_NAME = AppIcon;
				ASSETCATALOG_COMPILER_GLOBAL_ACCENT_COLOR_NAME = AccentColor;
				CODE_SIGN_STYLE = Automatic;
				CURRENT_PROJECT_VERSION = 1;
				DEVELOPMENT_ASSET_PATHS = "\"Technical_Test_Mobile_Developer_Seek/Preview Content\"";
				DEVELOPMENT_TEAM = 9FBDU3DDSJ;
				ENABLE_PREVIEWS = YES;
				GENERATE_INFOPLIST_FILE = YES;
				INFOPLIST_FILE = "Technical-Test-Mobile-Developer-Seek-Info.plist";
				INFOPLIST_KEY_LSApplicationCategoryType = "";
				INFOPLIST_KEY_NSCameraUsageDescription = "Permiso para el uso de cámara";
				INFOPLIST_KEY_NSFaceIDUsageDescription = "Esta app usará Face ID";
				INFOPLIST_KEY_UIApplicationSceneManifest_Generation = YES;
				INFOPLIST_KEY_UIApplicationSupportsIndirectInputEvents = YES;
				INFOPLIST_KEY_UILaunchScreen_Generation = YES;
				INFOPLIST_KEY_UISupportedInterfaceOrientations_iPad = "UIInterfaceOrientationPortrait UIInterfaceOrientationPortraitUpsideDown UIInterfaceOrientationLandscapeLeft UIInterfaceOrientationLandscapeRight";
				INFOPLIST_KEY_UISupportedInterfaceOrientations_iPhone = "UIInterfaceOrientationPortrait UIInterfaceOrientationLandscapeLeft UIInterfaceOrientationLandscapeRight";
				LD_RUNPATH_SEARCH_PATHS = (
					"$(inherited)",
					"@executable_path/Frameworks",
				);
				MARKETING_VERSION = 1.0;
				PRODUCT_BUNDLE_IDENTIFIER = "com.nelson.pena.test.Technical-Test-Mobile-Developer-Seek";
				PRODUCT_NAME = "$(TARGET_NAME)";
				SWIFT_EMIT_LOC_STRINGS = YES;
				SWIFT_VERSION = 5.0;
				TARGETED_DEVICE_FAMILY = "1,2";
				USE_CORE_DATA = NO;
			};
			name = Release;
		};
		6C9EFC462D6CDF610062D635 /* Debug */ = {
			isa = XCBuildConfiguration;
			buildSettings = {
				BUNDLE_LOADER = "$(TEST_HOST)";
				CLANG_ENABLE_MODULES = YES;
				CODE_SIGN_STYLE = Automatic;
				CURRENT_PROJECT_VERSION = 1;
				DEVELOPMENT_TEAM = 9FBDU3DDSJ;
				GENERATE_INFOPLIST_FILE = YES;
				IPHONEOS_DEPLOYMENT_TARGET = 18.2;
				MARKETING_VERSION = 1.0;
				PRODUCT_BUNDLE_IDENTIFIER = "com.nelson.pena.test.Technical-Test-Mobile-Developer-SeekTests";
				PRODUCT_NAME = "$(TARGET_NAME)";
				SWIFT_EMIT_LOC_STRINGS = NO;
				SWIFT_OBJC_BRIDGING_HEADER = "Technical_Test_Mobile_Developer_SeekTests/Technical_Test_Mobile_Developer_SeekTests-Bridging-Header.h";
				SWIFT_OPTIMIZATION_LEVEL = "-Onone";
				SWIFT_VERSION = 5.0;
				TARGETED_DEVICE_FAMILY = "1,2";
				TEST_HOST = "$(BUILT_PRODUCTS_DIR)/Technical_Test_Mobile_Developer_Seek.app/$(BUNDLE_EXECUTABLE_FOLDER_PATH)/Technical_Test_Mobile_Developer_Seek";
			};
			name = Debug;
		};
		6C9EFC472D6CDF610062D635 /* Release */ = {
			isa = XCBuildConfiguration;
			buildSettings = {
				BUNDLE_LOADER = "$(TEST_HOST)";
				CLANG_ENABLE_MODULES = YES;
				CODE_SIGN_STYLE = Automatic;
				CURRENT_PROJECT_VERSION = 1;
				DEVELOPMENT_TEAM = 9FBDU3DDSJ;
				GENERATE_INFOPLIST_FILE = YES;
				IPHONEOS_DEPLOYMENT_TARGET = 18.2;
				MARKETING_VERSION = 1.0;
				PRODUCT_BUNDLE_IDENTIFIER = "com.nelson.pena.test.Technical-Test-Mobile-Developer-SeekTests";
				PRODUCT_NAME = "$(TARGET_NAME)";
				SWIFT_EMIT_LOC_STRINGS = NO;
				SWIFT_OBJC_BRIDGING_HEADER = "Technical_Test_Mobile_Developer_SeekTests/Technical_Test_Mobile_Developer_SeekTests-Bridging-Header.h";
				SWIFT_VERSION = 5.0;
				TARGETED_DEVICE_FAMILY = "1,2";
				TEST_HOST = "$(BUILT_PRODUCTS_DIR)/Technical_Test_Mobile_Developer_Seek.app/$(BUNDLE_EXECUTABLE_FOLDER_PATH)/Technical_Test_Mobile_Developer_Seek";
			};
			name = Release;
		};
/* End XCBuildConfiguration section */

/* Begin XCConfigurationList section */
		6C9EFC172D6CDF600062D635 /* Build configuration list for PBXProject "Technical_Test_Mobile_Developer_Seek" */ = {
			isa = XCConfigurationList;
			buildConfigurations = (
				6C9EFC402D6CDF610062D635 /* Debug */,
				6C9EFC412D6CDF610062D635 /* Release */,
			);
			defaultConfigurationIsVisible = 0;
			defaultConfigurationName = Release;
		};
		6C9EFC422D6CDF610062D635 /* Build configuration list for PBXNativeTarget "Technical_Test_Mobile_Developer_Seek" */ = {
			isa = XCConfigurationList;
			buildConfigurations = (
				6C9EFC432D6CDF610062D635 /* Debug */,
				6C9EFC442D6CDF610062D635 /* Release */,
			);
			defaultConfigurationIsVisible = 0;
			defaultConfigurationName = Release;
		};
		6C9EFC452D6CDF610062D635 /* Build configuration list for PBXNativeTarget "Technical_Test_Mobile_Developer_SeekTests" */ = {
			isa = XCConfigurationList;
			buildConfigurations = (
				6C9EFC462D6CDF610062D635 /* Debug */,
				6C9EFC472D6CDF610062D635 /* Release */,
			);
			defaultConfigurationIsVisible = 0;
			defaultConfigurationName = Release;
		};
/* End XCConfigurationList section */
	};
	rootObject = 6C9EFC142D6CDF600062D635 /* Project object */;
}
